
Microsoft Visual Studio Solution File, Format Version 12.00
# Visual Studio 15
VisualStudioVersion = 15.0.28307.168
MinimumVisualStudioVersion = 10.0.40219.1
Project("{FAE04EC0-301F-11D3-BF4B-00C04F79EFBC}") = "Store.DAL", "Store.DAL\Store.DAL.csproj", "{792FF158-74D5-4BC1-8692-A6BF298B254D}"
EndProject
Project("{FAE04EC0-301F-11D3-BF4B-00C04F79EFBC}") = "Common", "Common\Common.csproj", "{757F912A-8E55-428F-BD96-256766761066}"
EndProject
Project("{FAE04EC0-301F-11D3-BF4B-00C04F79EFBC}") = "Client", "Client\Client.csproj", "{F8AEC0CC-190D-4087-AEAE-D6AE88FD2825}"
EndProject
Global
	GlobalSection(SolutionConfigurationPlatforms) = preSolution
		Debug|Any CPU = Debug|Any CPU
		Release|Any CPU = Release|Any CPU
	EndGlobalSection
	GlobalSection(ProjectConfigurationPlatforms) = postSolution
		{792FF158-74D5-4BC1-8692-A6BF298B254D}.Debug|Any CPU.ActiveCfg = Debug|Any CPU
		{792FF158-74D5-4BC1-8692-A6BF298B254D}.Debug|Any CPU.Build.0 = Debug|Any CPU
		{792FF158-74D5-4BC1-8692-A6BF298B254D}.Release|Any CPU.ActiveCfg = Release|Any CPU
		{792FF158-74D5-4BC1-8692-A6BF298B254D}.Release|Any CPU.Build.0 = Release|Any CPU
		{757F912A-8E55-428F-BD96-256766761066}.Debug|Any CPU.ActiveCfg = Debug|Any CPU
		{757F912A-8E55-428F-BD96-256766761066}.Debug|Any CPU.Build.0 = Debug|Any CPU
		{757F912A-8E55-428F-BD96-256766761066}.Release|Any CPU.ActiveCfg = Release|Any CPU
		{757F912A-8E55-428F-BD96-256766761066}.Release|Any CPU.Build.0 = Release|Any CPU
		{F8AEC0CC-190D-4087-AEAE-D6AE88FD2825}.Debug|Any CPU.ActiveCfg = Debug|Any CPU
		{F8AEC0CC-190D-4087-AEAE-D6AE88FD2825}.Debug|Any CPU.Build.0 = Debug|Any CPU
		{F8AEC0CC-190D-4087-AEAE-D6AE88FD2825}.Release|Any CPU.ActiveCfg = Release|Any CPU
		{F8AEC0CC-190D-4087-AEAE-D6AE88FD2825}.Release|Any CPU.Build.0 = Release|Any CPU
	EndGlobalSection
	GlobalSection(SolutionProperties) = preSolution
		HideSolutionNode = FALSE
	EndGlobalSection
	GlobalSection(ExtensibilityGlobals) = postSolution
		SolutionGuid = {2BD7F9E6-B4E5-42FE-81E3-72EFD2AFE49F}
	EndGlobalSection
EndGlobal
